
Microsoft Visual Studio Solution File, Format Version 12.00
# Visual Studio Version 17
VisualStudioVersion = 17.5.33502.453
MinimumVisualStudioVersion = 10.0.40219.1
Project("{FAE04EC0-301F-11D3-BF4B-00C04F79EFBC}") = "ConsoleApp140", "ConsoleApp140\ConsoleApp140.csproj", "{779D3705-C544-487F-A9FB-A77ACE9EB225}"
EndProject
Global
	GlobalSection(SolutionConfigurationPlatforms) = preSolution
		Debug|Any CPU = Debug|Any CPU
		Release|Any CPU = Release|Any CPU
	EndGlobalSection
	GlobalSection(ProjectConfigurationPlatforms) = postSolution
		{779D3705-C544-487F-A9FB-A77ACE9EB225}.Debug|Any CPU.ActiveCfg = Debug|Any CPU
		{779D3705-C544-487F-A9FB-A77ACE9EB225}.Debug|Any CPU.Build.0 = Debug|Any CPU
		{779D3705-C544-487F-A9FB-A77ACE9EB225}.Release|Any CPU.ActiveCfg = Release|Any CPU
		{779D3705-C544-487F-A9FB-A77ACE9EB225}.Release|Any CPU.Build.0 = Release|Any CPU
	EndGlobalSection
	GlobalSection(SolutionProperties) = preSolution
		HideSolutionNode = FALSE
	EndGlobalSection
	GlobalSection(ExtensibilityGlobals) = postSolution
		SolutionGuid = {D9D8A8C7-09BB-42B6-A2E9-998C2BC3AE60}
	EndGlobalSection
EndGlobal
